<?xml version="1.0" encoding="utf-8"?>
<Project ToolsVersion="4.0" xmlns="http://schemas.microsoft.com/developer/msbuild/2003">
  <ItemGroup>
    <Filter Include="ヘッダー ファイル">
      <UniqueIdentifier>{93995380-89BD-4b04-88EB-625FBE52EBFB}</UniqueIdentifier>
      <Extensions>h;hh;hpp;hxx;h++;hm;inl;inc;ipp;xsd</Extensions>
    </Filter>
    <Filter Include="リソース ファイル">
      <UniqueIdentifier>{67DA6AB6-F800-4c08-8B7A-83BB121AAD01}</UniqueIdentifier>
      <Extensions>rc;ico;cur;bmp;dlg;rc2;rct;bin;rgs;gif;jpg;jpeg;jpe;resx;tiff;tif;png;wav;mfcribbon-ms</Extensions>
    </Filter>
    <Filter Include="ヘッダー ファイル\Engine">
      <UniqueIdentifier>{8f6a37c6-d258-427e-8843-a5b65e3f6151}</UniqueIdentifier>
    </Filter>
    <Filter Include="ヘッダー ファイル\GameProgram">
      <UniqueIdentifier>{ff349547-5415-464d-9b2b-17151b910647}</UniqueIdentifier>
    </Filter>
    <Filter Include="ヘッダー ファイル\Engine\2d">
      <UniqueIdentifier>{7ba4e040-a72c-4d76-a8b4-971f5f6f9e91}</UniqueIdentifier>
    </Filter>
    <Filter Include="ヘッダー ファイル\Engine\3d">
      <UniqueIdentifier>{921f200b-0dcd-400c-9de1-3a483215e66c}</UniqueIdentifier>
    </Filter>
    <Filter Include="ヘッダー ファイル\Engine\audio">
      <UniqueIdentifier>{c0934fa5-68ed-49e8-8475-231779098d38}</UniqueIdentifier>
    </Filter>
    <Filter Include="ヘッダー ファイル\Engine\base">
      <UniqueIdentifier>{974305ac-d2ed-45e0-956a-932d73b7753b}</UniqueIdentifier>
    </Filter>
    <Filter Include="ヘッダー ファイル\Engine\input">
      <UniqueIdentifier>{a0a34153-2c7c-442c-9c96-11f8ef165712}</UniqueIdentifier>
    </Filter>
    <Filter Include="ヘッダー ファイル\Engine\math">
      <UniqueIdentifier>{2d0b94d6-ef70-4b08-a138-478a45c0f08e}</UniqueIdentifier>
    </Filter>
    <Filter Include="ヘッダー ファイル\Engine\PostEffect">
      <UniqueIdentifier>{ad0a51d1-26d1-4779-ad87-6059fa1492fb}</UniqueIdentifier>
    </Filter>
    <Filter Include="ヘッダー ファイル\Engine\3d\Primitive">
      <UniqueIdentifier>{2b29ddec-d7f2-46fc-a887-7c963af58bac}</UniqueIdentifier>
    </Filter>
    <Filter Include="ヘッダー ファイル\GameProgram\Scene">
      <UniqueIdentifier>{0145c40c-f6f8-4011-ba37-56e69a4de176}</UniqueIdentifier>
    </Filter>
    <Filter Include="ヘッダー ファイル\GameProgram\StageObjects">
      <UniqueIdentifier>{c25c6d45-4ba0-4c58-be4c-e176ebdd0451}</UniqueIdentifier>
    </Filter>
    <Filter Include="ヘッダー ファイル\GameProgram\LevelEditor">
      <UniqueIdentifier>{b7fd112d-0d92-4f45-ab24-794ea91e597f}</UniqueIdentifier>
    </Filter>
    <Filter Include="ソース ファイル">
      <UniqueIdentifier>{4FC737F1-C7A5-4376-A066-2A32D752A2FF}</UniqueIdentifier>
      <Extensions>cpp;c;cc;cxx;c++;cppm;ixx;def;odl;idl;hpj;bat;asm;asmx</Extensions>
    </Filter>
    <Filter Include="ソース ファイル\Engine">
      <UniqueIdentifier>{193ab31c-5a16-4f54-8224-7c6d6b0a57d1}</UniqueIdentifier>
    </Filter>
    <Filter Include="ソース ファイル\Engine\3d">
      <UniqueIdentifier>{180c8c76-a122-465c-91ed-1a680a934e3e}</UniqueIdentifier>
    </Filter>
    <Filter Include="ソース ファイル\Engine\base">
      <UniqueIdentifier>{9b559435-8421-48c2-b59c-4897517ff2fe}</UniqueIdentifier>
    </Filter>
    <Filter Include="ソース ファイル\Engine\input">
      <UniqueIdentifier>{6619066a-b2c8-40a7-9acd-fc8e446b4ebe}</UniqueIdentifier>
    </Filter>
    <Filter Include="ソース ファイル\Engine\math">
      <UniqueIdentifier>{5080c25b-1a97-4ac3-bbc4-937a3146f8b7}</UniqueIdentifier>
    </Filter>
    <Filter Include="ソース ファイル\Engine\audio">
      <UniqueIdentifier>{7e494eda-49a5-4e26-aa68-09331557a0e6}</UniqueIdentifier>
    </Filter>
    <Filter Include="ソース ファイル\Engine\2d">
      <UniqueIdentifier>{60c51db4-57e8-4c52-a251-89af31add87e}</UniqueIdentifier>
    </Filter>
    <Filter Include="ソース ファイル\Engine\PostEffect">
      <UniqueIdentifier>{8892f8f3-b441-41f9-bb94-79b6b5f258be}</UniqueIdentifier>
    </Filter>
    <Filter Include="ソース ファイル\GameProgram">
      <UniqueIdentifier>{3cede06d-47e6-4f4c-9759-d4b88a455e9d}</UniqueIdentifier>
    </Filter>
    <Filter Include="ソース ファイル\GameProgram\Scene">
      <UniqueIdentifier>{c5623b3f-5406-4d21-a960-cfc3601e4865}</UniqueIdentifier>
    </Filter>
    <Filter Include="ソース ファイル\GameProgram\LevelEditor">
      <UniqueIdentifier>{9d3be0b2-740f-4b21-b1be-24756f276d2e}</UniqueIdentifier>
    </Filter>
    <Filter Include="ソース ファイル\Engine\scene">
      <UniqueIdentifier>{68530bd4-615e-42d5-b16f-de60dbd22256}</UniqueIdentifier>
    </Filter>
    <Filter Include="ヘッダー ファイル\Engine\scene">
      <UniqueIdentifier>{26d10fa8-7aad-4e57-90f8-7b35fee256c5}</UniqueIdentifier>
    </Filter>
    <Filter Include="ソース ファイル\GameProgram\System">
      <UniqueIdentifier>{9a2adeec-83d1-4fcb-8b1c-a56e8fc5a89a}</UniqueIdentifier>
    </Filter>
    <Filter Include="ヘッダー ファイル\GameProgram\Collision">
      <UniqueIdentifier>{ad2c5ba7-59ff-4f68-ab2b-1f5fe14f586d}</UniqueIdentifier>
    </Filter>
    <Filter Include="ヘッダー ファイル\GameProgram\System">
      <UniqueIdentifier>{59884d0f-e430-47f8-be48-8ef35d8ea387}</UniqueIdentifier>
    </Filter>
    <Filter Include="ソース ファイル\GameProgram\Collsion">
      <UniqueIdentifier>{a22a70f0-37ea-4c15-9a1e-03fee3d2eaa6}</UniqueIdentifier>
    </Filter>
    <Filter Include="ソース ファイル\GameProgram\StageObjects">
      <UniqueIdentifier>{e7200600-3803-4831-a1a7-5b8eee728d58}</UniqueIdentifier>
    </Filter>
    <Filter Include="ソース ファイル\GameProgram\GameActor">
      <UniqueIdentifier>{72aab3ee-c089-4018-b5ed-b5db33a676b9}</UniqueIdentifier>
    </Filter>
    <Filter Include="ソース ファイル\GameProgram\GameActor\Boss">
      <UniqueIdentifier>{93f032a7-3867-4f2e-b707-691a27167f30}</UniqueIdentifier>
    </Filter>
    <Filter Include="ソース ファイル\GameProgram\GameActor\Enemies">
      <UniqueIdentifier>{7e338690-e00c-4118-9659-23b6267dfd90}</UniqueIdentifier>
    </Filter>
    <Filter Include="ソース ファイル\GameProgram\GameActor\Player">
      <UniqueIdentifier>{7eb339fe-1b8a-46e2-9eb2-77c1a78494da}</UniqueIdentifier>
    </Filter>
    <Filter Include="ヘッダー ファイル\GameProgram\GameActor">
      <UniqueIdentifier>{e92c4780-034d-4f3e-b339-a5f0aa223e7b}</UniqueIdentifier>
    </Filter>
    <Filter Include="ヘッダー ファイル\GameProgram\GameActor\Boss">
      <UniqueIdentifier>{f4f3b1a9-26c2-43b8-9108-cb954ac43aa7}</UniqueIdentifier>
    </Filter>
    <Filter Include="ヘッダー ファイル\GameProgram\GameActor\Enemies">
      <UniqueIdentifier>{e9507568-3eb6-4560-bccc-bf7c120300a3}</UniqueIdentifier>
    </Filter>
    <Filter Include="ソース ファイル\Engine\3d\camera">
      <UniqueIdentifier>{ee8fdf40-e874-45bb-b98e-d4e3ef6e748f}</UniqueIdentifier>
    </Filter>
    <Filter Include="ソース ファイル\Engine\3d\model">
      <UniqueIdentifier>{7dd7b758-fb2b-43e2-a84e-6193a2dcc8ef}</UniqueIdentifier>
    </Filter>
    <Filter Include="ソース ファイル\Engine\3d\object">
      <UniqueIdentifier>{727cc592-5d53-493e-97fb-4a6a734d0d69}</UniqueIdentifier>
    </Filter>
    <Filter Include="ソース ファイル\Engine\3d\particle">
      <UniqueIdentifier>{d8d85738-7095-4115-93c0-678e0261052d}</UniqueIdentifier>
    </Filter>
    <Filter Include="ソース ファイル\Engine\3d\primitive">
      <UniqueIdentifier>{fe0ca8ca-e9ff-405f-a10f-d7bf3d7f1fdd}</UniqueIdentifier>
    </Filter>
    <Filter Include="ソース ファイル\Engine\3d\pipeline">
      <UniqueIdentifier>{639c56df-0d60-46e8-a7fd-365dae4b180a}</UniqueIdentifier>
    </Filter>
    <Filter Include="ヘッダー ファイル\Engine\3d\pipeline">
      <UniqueIdentifier>{b077e629-e493-4b38-ae42-6cfceff61556}</UniqueIdentifier>
    </Filter>
    <Filter Include="ヘッダー ファイル\Engine\3d\model">
      <UniqueIdentifier>{3bc82e47-6192-4cd4-9855-eb010ef464a3}</UniqueIdentifier>
    </Filter>
    <Filter Include="ヘッダー ファイル\Engine\3d\object">
      <UniqueIdentifier>{4e2d655d-444c-400b-902d-2f9f83379b17}</UniqueIdentifier>
    </Filter>
    <Filter Include="ヘッダー ファイル\Engine\3d\camera">
      <UniqueIdentifier>{d4a5e470-ec36-4130-ab82-0a0a59bcc85f}</UniqueIdentifier>
    </Filter>
    <Filter Include="ヘッダー ファイル\Engine\3d\particle">
      <UniqueIdentifier>{bdc4f52e-376b-4e2d-bc16-ef27416c49f0}</UniqueIdentifier>
    </Filter>
    <Filter Include="ソース ファイル\Engine\PostEffect\creates">
      <UniqueIdentifier>{e2e7c786-2de5-4677-b420-f4ba544b6531}</UniqueIdentifier>
    </Filter>
    <Filter Include="ソース ファイル\Engine\PostEffect\creates\filter">
      <UniqueIdentifier>{68383ceb-60d3-4901-8657-0d02ecc85ab4}</UniqueIdentifier>
    </Filter>
    <Filter Include="ソース ファイル\Engine\PostEffect\creates\screen">
      <UniqueIdentifier>{79b47ee8-94ba-4d92-b975-eee43413ecbb}</UniqueIdentifier>
    </Filter>
    <Filter Include="ソース ファイル\Engine\PostEffect\creates\outline">
      <UniqueIdentifier>{0a990526-2853-4592-906d-807ecb1df6f2}</UniqueIdentifier>
    </Filter>
    <Filter Include="ヘッダー ファイル\Engine\PostEffect\creates">
      <UniqueIdentifier>{d8e86911-d861-429d-85ae-90580d47ac0e}</UniqueIdentifier>
    </Filter>
    <Filter Include="ヘッダー ファイル\Engine\PostEffect\creates\filter">
      <UniqueIdentifier>{b35e2f33-9d44-4df8-ab20-72e16c270742}</UniqueIdentifier>
    </Filter>
    <Filter Include="ヘッダー ファイル\Engine\PostEffect\creates\outline">
      <UniqueIdentifier>{153b4e20-fbc9-4418-812f-82a8e5368000}</UniqueIdentifier>
    </Filter>
    <Filter Include="ヘッダー ファイル\Engine\PostEffect\creates\screen">
      <UniqueIdentifier>{57a916e2-93c0-405f-81fc-df141f301888}</UniqueIdentifier>
    </Filter>
    <Filter Include="ソース ファイル\GameProgram\CameraControl">
      <UniqueIdentifier>{82cba577-ca3c-4a3d-a0e2-68fd281a746e}</UniqueIdentifier>
    </Filter>
    <Filter Include="ソース ファイル\GameProgram\System\Laod">
      <UniqueIdentifier>{fd1ccf74-7df8-45bb-b6d0-57c99e9397dc}</UniqueIdentifier>
    </Filter>
    <Filter Include="ソース ファイル\GameProgram\System\Pause">
      <UniqueIdentifier>{0a89d729-1337-49ce-ae3b-6e5064661f1e}</UniqueIdentifier>
    </Filter>
    <Filter Include="ソース ファイル\GameProgram\GameActor\Enemies\common">
      <UniqueIdentifier>{d45bdf74-e55f-4bbe-a44b-c3834562f9cf}</UniqueIdentifier>
    </Filter>
    <Filter Include="ヘッダー ファイル\GameProgram\GameActor\Enemies\common">
      <UniqueIdentifier>{b72ae5a3-dad9-4f8f-bad8-6d3205fc3ed3}</UniqueIdentifier>
    </Filter>
    <Filter Include="ヘッダー ファイル\GameProgram\System\Load">
      <UniqueIdentifier>{c42a0a59-8d29-485b-ba45-ca165d3035c0}</UniqueIdentifier>
    </Filter>
    <Filter Include="ヘッダー ファイル\GameProgram\System\Pause">
      <UniqueIdentifier>{01c9b3aa-f518-4c82-9963-f44c6f80e60d}</UniqueIdentifier>
    </Filter>
    <Filter Include="ヘッダー ファイル\GameProgram\CameraControl">
      <UniqueIdentifier>{5acfebb8-2025-4128-bb79-86d37e5e6547}</UniqueIdentifier>
    </Filter>
    <Filter Include="ソース ファイル\Engine\base\DirectX">
      <UniqueIdentifier>{3fd65449-87ee-4196-b062-71351f804f0f}</UniqueIdentifier>
    </Filter>
    <Filter Include="ソース ファイル\Engine\base\Log">
      <UniqueIdentifier>{26321a6a-9dd0-4781-959b-677302a125fc}</UniqueIdentifier>
    </Filter>
    <Filter Include="ソース ファイル\GameProgram\StageObjects\Gimmick">
      <UniqueIdentifier>{461c9046-b944-42d7-9fe6-767a8542b860}</UniqueIdentifier>
    </Filter>
    <Filter Include="ソース ファイル\GameProgram\StageObjects\PlayerInterfere">
      <UniqueIdentifier>{86df015c-117c-4283-a5b7-fc5b84b226e6}</UniqueIdentifier>
    </Filter>
    <Filter Include="ヘッダー ファイル\Engine\base\DirectX">
      <UniqueIdentifier>{9f79e1b3-1e29-41d4-bf54-13719e662a17}</UniqueIdentifier>
    </Filter>
    <Filter Include="ヘッダー ファイル\Engine\base\Log">
      <UniqueIdentifier>{f2ddea75-1c3e-4e35-802f-bbbb5c90e4f9}</UniqueIdentifier>
    </Filter>
    <Filter Include="ヘッダー ファイル\GameProgram\StageObjects\Gimmick">
      <UniqueIdentifier>{915b4240-0257-4ec0-8272-eb72d041db55}</UniqueIdentifier>
    </Filter>
    <Filter Include="ヘッダー ファイル\GameProgram\StageObjects\PlayerInterfere">
      <UniqueIdentifier>{48cc3fb3-40af-4815-b451-df07c3110e45}</UniqueIdentifier>
    </Filter>
    <Filter Include="ソース ファイル\GameProgram\GameActor\Player\Action">
      <UniqueIdentifier>{2ee9a406-ec76-4e2a-905a-2e163fde88df}</UniqueIdentifier>
    </Filter>
    <Filter Include="ソース ファイル\GameProgram\GameActor\Player\Weapon">
      <UniqueIdentifier>{6a71abf2-a1fa-45c6-81de-5c6799a4ffe3}</UniqueIdentifier>
    </Filter>
    <Filter Include="ソース ファイル\GameProgram\Scene\win_lose">
      <UniqueIdentifier>{7bd3f459-fd9b-4446-847d-6ef551037f85}</UniqueIdentifier>
    </Filter>
    <Filter Include="ソース ファイル\GameProgram\GameActor\Actor">
      <UniqueIdentifier>{c4451ac9-ba1d-477e-aded-f7776cd13dac}</UniqueIdentifier>
    </Filter>
    <Filter Include="ヘッダー ファイル\GameProgram\GameActor\Actor">
      <UniqueIdentifier>{7601598e-fe2b-4db4-ab00-b4ecc6544914}</UniqueIdentifier>
    </Filter>
    <Filter Include="ヘッダー ファイル\GameProgram\GameActor\Player">
      <UniqueIdentifier>{53cdf185-41ea-4488-b3a6-a6812d9cabc0}</UniqueIdentifier>
    </Filter>
    <Filter Include="ヘッダー ファイル\GameProgram\GameActor\Player\Weapon">
      <UniqueIdentifier>{c2c16011-a017-4658-a0f2-fa4c771008c9}</UniqueIdentifier>
    </Filter>
    <Filter Include="ヘッダー ファイル\GameProgram\GameActor\Player\Action">
      <UniqueIdentifier>{a152a97f-87be-4b4d-b969-9ab0ff80d63d}</UniqueIdentifier>
    </Filter>
    <Filter Include="ヘッダー ファイル\GameProgram\Scene\win_lose">
      <UniqueIdentifier>{c60c3db2-7e38-40d0-910e-8118930d614d}</UniqueIdentifier>
    </Filter>
    <Filter Include="ソース ファイル\Engine\PostEffect\creates\screen\blur">
      <UniqueIdentifier>{ac08e4f1-07de-4a55-a28d-71013f9a50b3}</UniqueIdentifier>
    </Filter>
    <Filter Include="ソース ファイル\Engine\PostEffect\creates\screen\color">
      <UniqueIdentifier>{23bcb6be-b4f6-4e39-8b38-03925c158b92}</UniqueIdentifier>
    </Filter>
    <Filter Include="ヘッダー ファイル\Engine\PostEffect\creates\screen\blur">
      <UniqueIdentifier>{83890531-3386-4aad-83b1-b10ae1e4f972}</UniqueIdentifier>
    </Filter>
    <Filter Include="ヘッダー ファイル\Engine\PostEffect\creates\screen\color">
      <UniqueIdentifier>{c40cfcea-c98d-497d-b5b4-ba932173ee50}</UniqueIdentifier>
    </Filter>
    <Filter Include="ソース ファイル\GameProgram\GameActor\Player\Weapon\Umbrella">
      <UniqueIdentifier>{14e6c872-f7f0-409e-8111-512e7a9b0461}</UniqueIdentifier>
    </Filter>
    <Filter Include="ヘッダー ファイル\GameProgram\GameActor\Player\Weapon\Umbrella">
      <UniqueIdentifier>{61c423b1-51a0-4bc8-8443-5ecdf500f27f}</UniqueIdentifier>
    </Filter>
  </ItemGroup>
  <ItemGroup>
    <ClCompile Include="Engine\2d\Sprite.cpp">
      <Filter>ソース ファイル\Engine\2d</Filter>
    </ClCompile>
    <ClCompile Include="Engine\2d\SpriteCommon.cpp">
      <Filter>ソース ファイル\Engine\2d</Filter>
    </ClCompile>
    <ClCompile Include="Engine\2d\TextureManager.cpp">
      <Filter>ソース ファイル\Engine\2d</Filter>
    </ClCompile>
    <ClCompile Include="Engine\base\WinApp.cpp">
      <Filter>ソース ファイル\Engine\base</Filter>
    </ClCompile>
    <ClCompile Include="Engine\input\Input.cpp">
      <Filter>ソース ファイル\Engine\input</Filter>
    </ClCompile>
    <ClCompile Include="Engine\math\MyMath.cpp">
      <Filter>ソース ファイル\Engine\math</Filter>
    </ClCompile>
    <ClCompile Include="Engine\base\SrvManager.cpp">
      <Filter>ソース ファイル\Engine\base</Filter>
    </ClCompile>
    <ClCompile Include="Engine\2d\ImGuiManager.cpp">
      <Filter>ソース ファイル\Engine\2d</Filter>
    </ClCompile>
    <ClCompile Include="Engine\audio\Audio.cpp">
      <Filter>ソース ファイル\Engine\audio</Filter>
    </ClCompile>
    <ClCompile Include="Engine\3d\WorldTransform.cpp">
      <Filter>ソース ファイル\Engine\3d</Filter>
    </ClCompile>
    <ClCompile Include="Engine\main.cpp">
      <Filter>ソース ファイル\Engine</Filter>
    </ClCompile>
    <ClCompile Include="Engine\3d\model\Model_glTF.cpp">
      <Filter>ソース ファイル\Engine\3d\model</Filter>
    </ClCompile>
    <ClCompile Include="Engine\3d\object\Object3d.cpp">
      <Filter>ソース ファイル\Engine\3d\object</Filter>
    </ClCompile>
    <ClCompile Include="Engine\3d\particle\Particle.cpp">
      <Filter>ソース ファイル\Engine\3d\particle</Filter>
    </ClCompile>
    <ClCompile Include="Engine\3d\particle\ParticleCommon.cpp">
      <Filter>ソース ファイル\Engine\3d\particle</Filter>
    </ClCompile>
    <ClCompile Include="Engine\3d\particle\ParticleManager.cpp">
      <Filter>ソース ファイル\Engine\3d\particle</Filter>
    </ClCompile>
    <ClCompile Include="Engine\3d\primitive\BoxModel.cpp">
      <Filter>ソース ファイル\Engine\3d\primitive</Filter>
    </ClCompile>
    <ClCompile Include="Engine\3d\primitive\SphereModel.cpp">
      <Filter>ソース ファイル\Engine\3d\primitive</Filter>
    </ClCompile>
    <ClCompile Include="GameProgram\GameActor\Enemies\Enemy_Soldier.cpp">
      <Filter>ソース ファイル\GameProgram\GameActor\Enemies</Filter>
    </ClCompile>
    <ClCompile Include="GameProgram\GameActor\Enemies\Enemy_Turret.cpp">
      <Filter>ソース ファイル\GameProgram\GameActor\Enemies</Filter>
    </ClCompile>
    <ClCompile Include="GameProgram\GameActor\Player\Player.cpp">
      <Filter>ソース ファイル\GameProgram\GameActor\Player</Filter>
    </ClCompile>
    <ClCompile Include="Engine\3d\primitive\Primitive.cpp">
      <Filter>ソース ファイル\Engine\3d\primitive</Filter>
    </ClCompile>
    <ClCompile Include="GameProgram\GameActor\Enemies\Enemy_Bomb.cpp">
      <Filter>ソース ファイル\GameProgram\GameActor\Enemies</Filter>
    </ClCompile>
    <ClCompile Include="GameProgram\Scene\SelectScene.cpp">
      <Filter>ソース ファイル\GameProgram\Scene</Filter>
    </ClCompile>
    <ClCompile Include="GameProgram\StageObjects\IStageObject.cpp">
      <Filter>ソース ファイル\GameProgram\StageObjects</Filter>
    </ClCompile>
    <ClCompile Include="Engine\base\Framework.cpp">
      <Filter>ソース ファイル\Engine\base</Filter>
    </ClCompile>
    <ClCompile Include="GameProgram\Scene\TitleScene.cpp">
      <Filter>ソース ファイル\GameProgram\Scene</Filter>
    </ClCompile>
    <ClCompile Include="GameProgram\Scene\GameScene.cpp">
      <Filter>ソース ファイル\GameProgram\Scene</Filter>
    </ClCompile>
    <ClCompile Include="GameProgram\LevelEditor\LevelEditor.cpp">
      <Filter>ソース ファイル\GameProgram\LevelEditor</Filter>
    </ClCompile>
    <ClCompile Include="Engine\scene\SceneManager.cpp">
      <Filter>ソース ファイル\Engine\scene</Filter>
    </ClCompile>
    <ClCompile Include="GameProgram\Collision\CollisionManager.cpp">
      <Filter>ソース ファイル\GameProgram\Collsion</Filter>
    </ClCompile>
    <ClCompile Include="GameProgram\System\UseEveryOne.cpp">
      <Filter>ソース ファイル\GameProgram\System</Filter>
    </ClCompile>
    <ClCompile Include="GameProgram\System\Reaction.cpp">
      <Filter>ソース ファイル\GameProgram\System</Filter>
    </ClCompile>
    <ClCompile Include="GameProgram\System\UIManager.cpp">
      <Filter>ソース ファイル\GameProgram\System</Filter>
    </ClCompile>
    <ClCompile Include="Engine\base\Pipeline.cpp">
      <Filter>ソース ファイル\Engine\base</Filter>
    </ClCompile>
    <ClCompile Include="GameProgram\GameActor\Boss\Boss.cpp">
      <Filter>ソース ファイル\GameProgram\GameActor\Boss</Filter>
    </ClCompile>
    <ClCompile Include="GameProgram\GameActor\Boss\BaseBossState.cpp">
      <Filter>ソース ファイル\GameProgram\GameActor\Boss</Filter>
    </ClCompile>
    <ClCompile Include="GameProgram\LevelEditor\SpitOutLevelEditor.cpp">
      <Filter>ソース ファイル\GameProgram\LevelEditor</Filter>
    </ClCompile>
    <ClCompile Include="GameProgram\MyGame.cpp">
      <Filter>ソース ファイル\GameProgram</Filter>
    </ClCompile>
    <ClCompile Include="Engine\scene\BaseScene.cpp">
      <Filter>ソース ファイル\Engine\scene</Filter>
    </ClCompile>
    <ClCompile Include="GameProgram\StageObjects\BackGroundObject.cpp">
      <Filter>ソース ファイル\GameProgram\StageObjects</Filter>
    </ClCompile>
    <ClCompile Include="GameProgram\GameActor\Shadow.cpp">
      <Filter>ソース ファイル\GameProgram\GameActor</Filter>
    </ClCompile>
    <ClCompile Include="GameProgram\GameActor\VisualActor.cpp">
      <Filter>ソース ファイル\GameProgram\GameActor</Filter>
    </ClCompile>
    <ClCompile Include="GameProgram\Collision\CollisionSource.cpp">
      <Filter>ソース ファイル\GameProgram\Collsion</Filter>
    </ClCompile>
    <ClCompile Include="Engine\3d\camera\Camera.cpp">
      <Filter>ソース ファイル\Engine\3d\camera</Filter>
    </ClCompile>
    <ClCompile Include="Engine\3d\model\BaseModel.cpp">
      <Filter>ソース ファイル\Engine\3d\model</Filter>
    </ClCompile>
    <ClCompile Include="Engine\3d\pipeline\GLTFCommon.cpp">
      <Filter>ソース ファイル\Engine\3d\pipeline</Filter>
    </ClCompile>
    <ClCompile Include="Engine\3d\pipeline\SkinningCommon.cpp">
      <Filter>ソース ファイル\Engine\3d\pipeline</Filter>
    </ClCompile>
    <ClCompile Include="Engine\3d\pipeline\DebugWireframes.cpp">
      <Filter>ソース ファイル\Engine\3d\pipeline</Filter>
    </ClCompile>
    <ClCompile Include="Engine\3d\pipeline\Cubemap.cpp">
      <Filter>ソース ファイル\Engine\3d\pipeline</Filter>
    </ClCompile>
    <ClCompile Include="Engine\3d\model\Model_obj.cpp">
      <Filter>ソース ファイル\Engine\3d\model</Filter>
    </ClCompile>
    <ClCompile Include="Engine\3d\object\Object_glTF.cpp">
      <Filter>ソース ファイル\Engine\3d\object</Filter>
    </ClCompile>
    <ClCompile Include="Engine\3d\pipeline\Object3dCommon.cpp">
      <Filter>ソース ファイル\Engine\3d\pipeline</Filter>
    </ClCompile>
    <ClCompile Include="Engine\3d\object\BaseObject.cpp">
      <Filter>ソース ファイル\Engine\3d\object</Filter>
    </ClCompile>
    <ClCompile Include="Engine\3d\model\ModelManager.cpp">
      <Filter>ソース ファイル\Engine\3d\model</Filter>
    </ClCompile>
    <ClCompile Include="Engine\PostEffect\creates\filter\BoxFilter.cpp">
      <Filter>ソース ファイル\Engine\PostEffect\creates\filter</Filter>
    </ClCompile>
    <ClCompile Include="Engine\PostEffect\creates\filter\GaussianFilter.cpp">
      <Filter>ソース ファイル\Engine\PostEffect\creates\filter</Filter>
    </ClCompile>
    <ClCompile Include="Engine\PostEffect\creates\outline\LuminanceBasedOutline.cpp">
      <Filter>ソース ファイル\Engine\PostEffect\creates\outline</Filter>
    </ClCompile>
    <ClCompile Include="Engine\PostEffect\creates\outline\DepthBasedOutline.cpp">
      <Filter>ソース ファイル\Engine\PostEffect\creates\outline</Filter>
    </ClCompile>
    <ClCompile Include="GameProgram\StageObjects\Guide.cpp">
      <Filter>ソース ファイル\GameProgram\StageObjects</Filter>
    </ClCompile>
    <ClCompile Include="Engine\PostEffect\BasePostEffect.cpp">
      <Filter>ソース ファイル\Engine\PostEffect</Filter>
    </ClCompile>
    <ClCompile Include="Engine\PostEffect\PostEffectManager.cpp">
      <Filter>ソース ファイル\Engine\PostEffect</Filter>
    </ClCompile>
    <ClCompile Include="Engine\PostEffect\creates\screen\Vignette.cpp">
      <Filter>ソース ファイル\Engine\PostEffect\creates\screen</Filter>
    </ClCompile>
    <ClCompile Include="Engine\PostEffect\creates\screen\Random.cpp">
      <Filter>ソース ファイル\Engine\PostEffect\creates\screen</Filter>
    </ClCompile>
    <ClCompile Include="Engine\PostEffect\creates\screen\Dissolve.cpp">
      <Filter>ソース ファイル\Engine\PostEffect\creates\screen</Filter>
    </ClCompile>
    <ClCompile Include="Engine\PostEffect\creates\Normal_Image.cpp">
      <Filter>ソース ファイル\Engine\PostEffect\creates</Filter>
    </ClCompile>
    <ClCompile Include="GameProgram\Collision\CollisionUtility.cpp">
      <Filter>ソース ファイル\GameProgram\Collsion</Filter>
    </ClCompile>
    <ClCompile Include="GameProgram\CameraControl\CameraControl.cpp">
      <Filter>ソース ファイル\GameProgram\CameraControl</Filter>
    </ClCompile>
    <ClCompile Include="GameProgram\System\Load\LoadingModels.cpp">
      <Filter>ソース ファイル\GameProgram\System\Laod</Filter>
    </ClCompile>
    <ClCompile Include="GameProgram\System\Load\FadeScreen.cpp">
      <Filter>ソース ファイル\GameProgram\System\Laod</Filter>
    </ClCompile>
    <ClCompile Include="GameProgram\System\Load\NextStageSave.cpp">
      <Filter>ソース ファイル\GameProgram\System\Laod</Filter>
    </ClCompile>
    <ClCompile Include="GameProgram\System\Pause\PauseScreen.cpp">
      <Filter>ソース ファイル\GameProgram\System\Pause</Filter>
    </ClCompile>
    <ClCompile Include="GameProgram\System\Pause\BasePauseState.cpp">
      <Filter>ソース ファイル\GameProgram\System\Pause</Filter>
    </ClCompile>
    <ClCompile Include="GameProgram\GameActor\Enemies\common\EnemyEye.cpp">
      <Filter>ソース ファイル\GameProgram\GameActor\Enemies\common</Filter>
    </ClCompile>
    <ClCompile Include="GameProgram\GameActor\Enemies\common\EnemyCommand.cpp">
      <Filter>ソース ファイル\GameProgram\GameActor\Enemies\common</Filter>
    </ClCompile>
    <ClCompile Include="GameProgram\GameActor\Enemies\common\EnemyBullet.cpp">
      <Filter>ソース ファイル\GameProgram\GameActor\Enemies\common</Filter>
    </ClCompile>
    <ClCompile Include="GameProgram\GameActor\Enemies\common\BaseEnemyState.cpp">
      <Filter>ソース ファイル\GameProgram\GameActor\Enemies\common</Filter>
    </ClCompile>
    <ClCompile Include="GameProgram\GameActor\Enemies\common\BaseEnemy.cpp">
      <Filter>ソース ファイル\GameProgram\GameActor\Enemies\common</Filter>
    </ClCompile>
    <ClCompile Include="Engine\base\DirectX\DirectXCommon.cpp">
      <Filter>ソース ファイル\Engine\base\DirectX</Filter>
    </ClCompile>
    <ClCompile Include="Engine\base\DirectX\D3DResourceLeakChecker.cpp">
      <Filter>ソース ファイル\Engine\base\DirectX</Filter>
    </ClCompile>
    <ClCompile Include="Engine\base\Log\Logger.cpp">
      <Filter>ソース ファイル\Engine\base\Log</Filter>
    </ClCompile>
    <ClCompile Include="Engine\base\Log\StringUtility.cpp">
      <Filter>ソース ファイル\Engine\base\Log</Filter>
    </ClCompile>
    <ClCompile Include="GameProgram\StageObjects\Gimmick\Needle.cpp">
      <Filter>ソース ファイル\GameProgram\StageObjects\Gimmick</Filter>
    </ClCompile>
    <ClCompile Include="GameProgram\StageObjects\Gimmick\MoveGround.cpp">
      <Filter>ソース ファイル\GameProgram\StageObjects\Gimmick</Filter>
    </ClCompile>
    <ClCompile Include="GameProgram\StageObjects\Gimmick\BrokenBox.cpp">
      <Filter>ソース ファイル\GameProgram\StageObjects\Gimmick</Filter>
    </ClCompile>
    <ClCompile Include="GameProgram\StageObjects\PlayerInterfere\CheckPoint.cpp">
      <Filter>ソース ファイル\GameProgram\StageObjects\PlayerInterfere</Filter>
    </ClCompile>
    <ClCompile Include="GameProgram\StageObjects\PlayerInterfere\Goal.cpp">
      <Filter>ソース ファイル\GameProgram\StageObjects\PlayerInterfere</Filter>
    </ClCompile>
    <ClCompile Include="GameProgram\StageObjects\Gimmick\EventTrigger.cpp">
      <Filter>ソース ファイル\GameProgram\StageObjects\Gimmick</Filter>
    </ClCompile>
    <ClCompile Include="GameProgram\StageObjects\PlayerInterfere\WarpGate.cpp">
      <Filter>ソース ファイル\GameProgram\StageObjects\PlayerInterfere</Filter>
    </ClCompile>
    <ClCompile Include="GameProgram\GameActor\Player\Action\PlayerActionsInputHandler.cpp">
      <Filter>ソース ファイル\GameProgram\GameActor\Player\Action</Filter>
    </ClCompile>
    <ClCompile Include="GameProgram\GameActor\Player\Weapon\PlayerBullet.cpp">
      <Filter>ソース ファイル\GameProgram\GameActor\Player\Weapon</Filter>
    </ClCompile>
    <ClCompile Include="GameProgram\GameActor\Player\Weapon\ReinforceGauge.cpp">
      <Filter>ソース ファイル\GameProgram\GameActor\Player\Weapon</Filter>
    </ClCompile>
    <ClCompile Include="GameProgram\StageObjects\PlayerInterfere\Energy.cpp">
      <Filter>ソース ファイル\GameProgram\StageObjects\PlayerInterfere</Filter>
    </ClCompile>
    <ClCompile Include="Engine\3d\particle\ParticleEmitter.cpp">
      <Filter>ソース ファイル\Engine\3d\particle</Filter>
    </ClCompile>
    <ClCompile Include="GameProgram\Scene\win_lose\GameOverScene.cpp">
      <Filter>ソース ファイル\GameProgram\Scene\win_lose</Filter>
    </ClCompile>
    <ClCompile Include="GameProgram\Scene\win_lose\ClearScene.cpp">
      <Filter>ソース ファイル\GameProgram\Scene\win_lose</Filter>
    </ClCompile>
    <ClCompile Include="GameProgram\GameActor\Actor\ActorState.cpp">
      <Filter>ソース ファイル\GameProgram\GameActor\Actor</Filter>
    </ClCompile>
    <ClCompile Include="GameProgram\GameActor\Actor\GameActor.cpp">
      <Filter>ソース ファイル\GameProgram\GameActor\Actor</Filter>
    </ClCompile>
    <ClCompile Include="GameProgram\GameActor\Actor\GravityActor.cpp">
      <Filter>ソース ファイル\GameProgram\GameActor\Actor</Filter>
    </ClCompile>
    <ClCompile Include="Engine\PostEffect\creates\screen\blur\RadialBlur.cpp">
      <Filter>ソース ファイル\Engine\PostEffect\creates\screen\blur</Filter>
    </ClCompile>
    <ClCompile Include="Engine\PostEffect\creates\screen\color\Grayscale.cpp">
      <Filter>ソース ファイル\Engine\PostEffect\creates\screen\color</Filter>
    </ClCompile>
    <ClCompile Include="GameProgram\GameActor\Player\Weapon\Umbrella\BaseUmbrella.cpp">
      <Filter>ソース ファイル\GameProgram\GameActor\Player\Weapon\Umbrella</Filter>
    </ClCompile>
    <ClCompile Include="GameProgram\GameActor\Player\Weapon\Umbrella\FoldingUmbrella.cpp">
      <Filter>ソース ファイル\GameProgram\GameActor\Player\Weapon\Umbrella</Filter>
    </ClCompile>
    <ClCompile Include="GameProgram\GameActor\Player\Weapon\Umbrella\Umbrella.cpp">
      <Filter>ソース ファイル\GameProgram\GameActor\Player\Weapon\Umbrella</Filter>
    </ClCompile>
    <ClCompile Include="GameProgram\GameActor\Player\Weapon\Umbrella\LongUmbrella.cpp">
      <Filter>ソース ファイル</Filter>
    </ClCompile>
  </ItemGroup>
  <ItemGroup>
    <ClInclude Include="Engine\2d\Sprite.h">
      <Filter>ヘッダー ファイル\Engine\2d</Filter>
    </ClInclude>
    <ClInclude Include="Engine\2d\ImGuiManager.h">
      <Filter>ヘッダー ファイル\Engine\2d</Filter>
    </ClInclude>
    <ClInclude Include="Engine\2d\SpriteCommon.h">
      <Filter>ヘッダー ファイル\Engine\2d</Filter>
    </ClInclude>
    <ClInclude Include="Engine\2d\TextureManager.h">
      <Filter>ヘッダー ファイル\Engine\2d</Filter>
    </ClInclude>
    <ClInclude Include="Engine\3d\WorldTransform.h">
      <Filter>ヘッダー ファイル\Engine\3d</Filter>
    </ClInclude>
    <ClInclude Include="Engine\3d\model\Model_glTF.h">
      <Filter>ヘッダー ファイル\Engine\3d\model</Filter>
    </ClInclude>
    <ClInclude Include="Engine\3d\object\Object3d.h">
      <Filter>ヘッダー ファイル\Engine\3d\object</Filter>
    </ClInclude>
    <ClInclude Include="Engine\3d\particle\Particle.h">
      <Filter>ヘッダー ファイル\Engine\3d\particle</Filter>
    </ClInclude>
    <ClInclude Include="Engine\3d\particle\ParticleCommon.h">
      <Filter>ヘッダー ファイル\Engine\3d\particle</Filter>
    </ClInclude>
    <ClInclude Include="Engine\3d\particle\ParticleManager.h">
      <Filter>ヘッダー ファイル\Engine\3d\particle</Filter>
    </ClInclude>
    <ClInclude Include="Engine\3d\primitive\BoxModel.h">
      <Filter>ヘッダー ファイル\Engine\3d\Primitive</Filter>
    </ClInclude>
    <ClInclude Include="Engine\3d\primitive\Primitive.h">
      <Filter>ヘッダー ファイル\Engine\3d\Primitive</Filter>
    </ClInclude>
    <ClInclude Include="Engine\3d\primitive\SphereModel.h">
      <Filter>ヘッダー ファイル\Engine\3d\Primitive</Filter>
    </ClInclude>
    <ClInclude Include="Engine\audio\Audio.h">
      <Filter>ヘッダー ファイル\Engine\audio</Filter>
    </ClInclude>
    <ClInclude Include="Engine\base\SrvManager.h">
      <Filter>ヘッダー ファイル\Engine\base</Filter>
    </ClInclude>
    <ClInclude Include="Engine\base\WinApp.h">
      <Filter>ヘッダー ファイル\Engine\base</Filter>
    </ClInclude>
    <ClInclude Include="Engine\input\Input.h">
      <Filter>ヘッダー ファイル\Engine\input</Filter>
    </ClInclude>
    <ClInclude Include="Engine\math\Matrix4x4.h">
      <Filter>ヘッダー ファイル\Engine\math</Filter>
    </ClInclude>
    <ClInclude Include="Engine\math\MyMath.h">
      <Filter>ヘッダー ファイル\Engine\math</Filter>
    </ClInclude>
    <ClInclude Include="Engine\math\Transform.h">
      <Filter>ヘッダー ファイル\Engine\math</Filter>
    </ClInclude>
    <ClInclude Include="Engine\math\Vector2.h">
      <Filter>ヘッダー ファイル\Engine\math</Filter>
    </ClInclude>
    <ClInclude Include="Engine\math\Vector3.h">
      <Filter>ヘッダー ファイル\Engine\math</Filter>
    </ClInclude>
    <ClInclude Include="Engine\math\Vector4.h">
      <Filter>ヘッダー ファイル\Engine\math</Filter>
    </ClInclude>
    <ClInclude Include="Engine\PostEffect\PostEffectManager.h">
      <Filter>ヘッダー ファイル\Engine\PostEffect</Filter>
    </ClInclude>
    <ClInclude Include="GameProgram\GameActor\Enemies\Enemy_Soldier.h">
      <Filter>ヘッダー ファイル\GameProgram\GameActor\Enemies</Filter>
    </ClInclude>
    <ClInclude Include="GameProgram\GameActor\Enemies\Enemy_Bomb.h">
      <Filter>ヘッダー ファイル\GameProgram\GameActor\Enemies</Filter>
    </ClInclude>
    <ClInclude Include="GameProgram\GameActor\Enemies\Enemy_Turret.h">
      <Filter>ヘッダー ファイル\GameProgram\GameActor\Enemies</Filter>
    </ClInclude>
    <ClInclude Include="GameProgram\GameActor\Player\Player.h">
      <Filter>ヘッダー ファイル\GameProgram\GameActor\Player</Filter>
    </ClInclude>
    <ClInclude Include="GameProgram\Scene\SelectScene.h">
      <Filter>ヘッダー ファイル\GameProgram\Scene</Filter>
    </ClInclude>
    <ClInclude Include="GameProgram\StageObjects\IStageObject.h">
      <Filter>ヘッダー ファイル\GameProgram\StageObjects</Filter>
    </ClInclude>
    <ClInclude Include="Engine\base\Framework.h">
      <Filter>ヘッダー ファイル\Engine\base</Filter>
    </ClInclude>
    <ClInclude Include="GameProgram\Scene\TitleScene.h">
      <Filter>ヘッダー ファイル\GameProgram\Scene</Filter>
    </ClInclude>
    <ClInclude Include="GameProgram\Scene\GameScene.h">
      <Filter>ヘッダー ファイル\GameProgram\Scene</Filter>
    </ClInclude>
    <ClInclude Include="GameProgram\LevelEditor\LevelEditor.h">
      <Filter>ヘッダー ファイル\GameProgram\LevelEditor</Filter>
    </ClInclude>
    <ClInclude Include="Engine\scene\SceneManager.h">
      <Filter>ヘッダー ファイル\Engine\scene</Filter>
    </ClInclude>
    <ClInclude Include="GameProgram\Collision\CollisionManager.h">
      <Filter>ヘッダー ファイル\GameProgram\Collision</Filter>
    </ClInclude>
    <ClInclude Include="GameProgram\System\UseEveryOne.h">
      <Filter>ヘッダー ファイル\GameProgram\System</Filter>
    </ClInclude>
    <ClInclude Include="GameProgram\System\UIManager.h">
      <Filter>ヘッダー ファイル\GameProgram\System</Filter>
    </ClInclude>
    <ClInclude Include="GameProgram\System\Reaction.h">
      <Filter>ヘッダー ファイル\GameProgram\System</Filter>
    </ClInclude>
    <ClInclude Include="Engine\base\Pipeline.h">
      <Filter>ヘッダー ファイル\Engine\base</Filter>
    </ClInclude>
    <ClInclude Include="GameProgram\GameActor\Boss\Boss.h">
      <Filter>ヘッダー ファイル\GameProgram\GameActor\Boss</Filter>
    </ClInclude>
    <ClInclude Include="GameProgram\GameActor\Boss\BaseBossState.h">
      <Filter>ヘッダー ファイル\GameProgram\GameActor\Boss</Filter>
    </ClInclude>
    <ClInclude Include="GameProgram\LevelEditor\SpitOutLevelEditor.h">
      <Filter>ヘッダー ファイル\GameProgram\LevelEditor</Filter>
    </ClInclude>
    <ClInclude Include="GameProgram\MyGame.h">
      <Filter>ヘッダー ファイル\GameProgram</Filter>
    </ClInclude>
    <ClInclude Include="Engine\scene\BaseScene.h">
      <Filter>ヘッダー ファイル\Engine\scene</Filter>
    </ClInclude>
    <ClInclude Include="GameProgram\StageObjects\BackGroundObject.h">
      <Filter>ヘッダー ファイル\GameProgram\StageObjects</Filter>
    </ClInclude>
    <ClInclude Include="GameProgram\Collision\CollisionSource.h">
      <Filter>ヘッダー ファイル\GameProgram\Collision</Filter>
    </ClInclude>
    <ClInclude Include="GameProgram\GameActor\VisualActor.h">
      <Filter>ヘッダー ファイル\GameProgram\GameActor</Filter>
    </ClInclude>
    <ClInclude Include="GameProgram\GameActor\Shadow.h">
      <Filter>ヘッダー ファイル\GameProgram\GameActor</Filter>
    </ClInclude>
    <ClInclude Include="Engine\3d\camera\Camera.h">
      <Filter>ヘッダー ファイル\Engine\3d\camera</Filter>
    </ClInclude>
    <ClInclude Include="Engine\3d\pipeline\GLTFCommon.h">
      <Filter>ヘッダー ファイル\Engine\3d\pipeline</Filter>
    </ClInclude>
    <ClInclude Include="Engine\3d\pipeline\SkinningCommon.h">
      <Filter>ヘッダー ファイル\Engine\3d\pipeline</Filter>
    </ClInclude>
    <ClInclude Include="Engine\3d\object\Object_glTF.h">
      <Filter>ヘッダー ファイル\Engine\3d\object</Filter>
    </ClInclude>
    <ClInclude Include="Engine\3d\model\Model_obj.h">
      <Filter>ヘッダー ファイル\Engine\3d\model</Filter>
    </ClInclude>
    <ClInclude Include="Engine\3d\pipeline\Object3dCommon.h">
      <Filter>ヘッダー ファイル\Engine\3d\pipeline</Filter>
    </ClInclude>
    <ClInclude Include="Engine\3d\model\BaseModel.h">
      <Filter>ヘッダー ファイル\Engine\3d\model</Filter>
    </ClInclude>
    <ClInclude Include="Engine\3d\object\BaseObject.h">
      <Filter>ヘッダー ファイル\Engine\3d\object</Filter>
    </ClInclude>
    <ClInclude Include="Engine\3d\pipeline\Cubemap.h">
      <Filter>ヘッダー ファイル\Engine\3d\pipeline</Filter>
    </ClInclude>
    <ClInclude Include="Engine\3d\pipeline\DebugWireframes.h">
      <Filter>ヘッダー ファイル\Engine\3d\pipeline</Filter>
    </ClInclude>
    <ClInclude Include="Engine\3d\model\ModelManager.h">
      <Filter>ヘッダー ファイル\Engine\3d\model</Filter>
    </ClInclude>
    <ClInclude Include="Engine\PostEffect\creates\outline\DepthBasedOutline.h">
      <Filter>ヘッダー ファイル\Engine\PostEffect\creates\outline</Filter>
    </ClInclude>
    <ClInclude Include="Engine\PostEffect\creates\outline\LuminanceBasedOutline.h">
      <Filter>ヘッダー ファイル\Engine\PostEffect\creates\outline</Filter>
    </ClInclude>
    <ClInclude Include="Engine\PostEffect\creates\filter\GaussianFilter.h">
      <Filter>ヘッダー ファイル\Engine\PostEffect\creates\filter</Filter>
    </ClInclude>
    <ClInclude Include="GameProgram\StageObjects\Guide.h">
      <Filter>ヘッダー ファイル\GameProgram\StageObjects</Filter>
    </ClInclude>
    <ClInclude Include="GameProgram\Collision\CollisionUtility.h">
      <Filter>ヘッダー ファイル\GameProgram\Collision</Filter>
    </ClInclude>
    <ClInclude Include="Engine\PostEffect\creates\Normal_Image.h">
      <Filter>ヘッダー ファイル\Engine\PostEffect\creates</Filter>
    </ClInclude>
    <ClInclude Include="Engine\PostEffect\BasePostEffect.h">
      <Filter>ヘッダー ファイル\Engine\PostEffect</Filter>
    </ClInclude>
    <ClInclude Include="Engine\PostEffect\creates\filter\BoxFilter.h">
      <Filter>ヘッダー ファイル\Engine\PostEffect\creates\filter</Filter>
    </ClInclude>
    <ClInclude Include="Engine\PostEffect\creates\screen\Dissolve.h">
      <Filter>ヘッダー ファイル\Engine\PostEffect\creates\screen</Filter>
    </ClInclude>
    <ClInclude Include="Engine\PostEffect\creates\screen\Random.h">
      <Filter>ヘッダー ファイル\Engine\PostEffect\creates\screen</Filter>
    </ClInclude>
    <ClInclude Include="Engine\PostEffect\creates\screen\Vignette.h">
      <Filter>ヘッダー ファイル\Engine\PostEffect\creates\screen</Filter>
    </ClInclude>
    <ClInclude Include="GameProgram\GameActor\Enemies\common\BaseEnemyState.h">
      <Filter>ヘッダー ファイル\GameProgram\GameActor\Enemies\common</Filter>
    </ClInclude>
    <ClInclude Include="GameProgram\GameActor\Enemies\common\BaseEnemy.h">
      <Filter>ヘッダー ファイル\GameProgram\GameActor\Enemies\common</Filter>
    </ClInclude>
    <ClInclude Include="GameProgram\GameActor\Enemies\common\EnemyBullet.h">
      <Filter>ヘッダー ファイル\GameProgram\GameActor\Enemies\common</Filter>
    </ClInclude>
    <ClInclude Include="GameProgram\GameActor\Enemies\common\EnemyCommand.h">
      <Filter>ヘッダー ファイル\GameProgram\GameActor\Enemies\common</Filter>
    </ClInclude>
    <ClInclude Include="GameProgram\GameActor\Enemies\common\EnemyEye.h">
      <Filter>ヘッダー ファイル\GameProgram\GameActor\Enemies\common</Filter>
    </ClInclude>
    <ClInclude Include="GameProgram\CameraControl\CameraControl.h">
      <Filter>ヘッダー ファイル\GameProgram\CameraControl</Filter>
    </ClInclude>
    <ClInclude Include="GameProgram\System\Load\LoadingModels.h">
      <Filter>ヘッダー ファイル\GameProgram\System\Load</Filter>
    </ClInclude>
    <ClInclude Include="GameProgram\System\Load\FadeScreen.h">
      <Filter>ヘッダー ファイル\GameProgram\System\Load</Filter>
    </ClInclude>
    <ClInclude Include="GameProgram\System\Load\NextStageSave.h">
      <Filter>ヘッダー ファイル\GameProgram\System\Load</Filter>
    </ClInclude>
    <ClInclude Include="GameProgram\System\Pause\BasePauseState.h">
      <Filter>ヘッダー ファイル\GameProgram\System\Pause</Filter>
    </ClInclude>
    <ClInclude Include="GameProgram\System\Pause\PauseScreen.h">
      <Filter>ヘッダー ファイル\GameProgram\System\Pause</Filter>
    </ClInclude>
    <ClInclude Include="Engine\base\DirectX\D3DResourceLeakChecker.h">
      <Filter>ヘッダー ファイル\Engine\base\DirectX</Filter>
    </ClInclude>
    <ClInclude Include="Engine\base\DirectX\DirectXCommon.h">
      <Filter>ヘッダー ファイル\Engine\base\DirectX</Filter>
    </ClInclude>
    <ClInclude Include="Engine\base\Log\StringUtility.h">
      <Filter>ヘッダー ファイル\Engine\base\Log</Filter>
    </ClInclude>
    <ClInclude Include="Engine\base\Log\Logger.h">
      <Filter>ヘッダー ファイル\Engine\base\Log</Filter>
    </ClInclude>
    <ClInclude Include="GameProgram\StageObjects\Gimmick\BrokenBox.h">
      <Filter>ヘッダー ファイル\GameProgram\StageObjects\Gimmick</Filter>
    </ClInclude>
    <ClInclude Include="GameProgram\StageObjects\Gimmick\MoveGround.h">
      <Filter>ヘッダー ファイル\GameProgram\StageObjects\Gimmick</Filter>
    </ClInclude>
    <ClInclude Include="GameProgram\StageObjects\Gimmick\Needle.h">
      <Filter>ヘッダー ファイル\GameProgram\StageObjects\Gimmick</Filter>
    </ClInclude>
    <ClInclude Include="GameProgram\StageObjects\PlayerInterfere\CheckPoint.h">
      <Filter>ヘッダー ファイル\GameProgram\StageObjects\PlayerInterfere</Filter>
    </ClInclude>
    <ClInclude Include="GameProgram\StageObjects\PlayerInterfere\Goal.h">
      <Filter>ヘッダー ファイル\GameProgram\StageObjects\PlayerInterfere</Filter>
    </ClInclude>
    <ClInclude Include="GameProgram\StageObjects\Gimmick\EventTrigger.h">
      <Filter>ヘッダー ファイル\GameProgram\StageObjects\Gimmick</Filter>
    </ClInclude>
    <ClInclude Include="GameProgram\StageObjects\PlayerInterfere\WarpGate.h">
      <Filter>ヘッダー ファイル\GameProgram\StageObjects\PlayerInterfere</Filter>
    </ClInclude>
    <ClInclude Include="GameProgram\GameActor\Player\Weapon\PlayerBullet.h">
      <Filter>ヘッダー ファイル\GameProgram\GameActor\Player\Weapon</Filter>
    </ClInclude>
    <ClInclude Include="GameProgram\GameActor\Player\Action\PlayerActionsInputHandler.h">
      <Filter>ヘッダー ファイル\GameProgram\GameActor\Player\Action</Filter>
    </ClInclude>
    <ClInclude Include="GameProgram\GameActor\Player\Weapon\ReinforceGauge.h">
      <Filter>ヘッダー ファイル\GameProgram\GameActor\Player\Weapon</Filter>
    </ClInclude>
    <ClInclude Include="GameProgram\StageObjects\PlayerInterfere\Energy.h">
      <Filter>ヘッダー ファイル\GameProgram\StageObjects\PlayerInterfere</Filter>
    </ClInclude>
    <ClInclude Include="Engine\3d\particle\ParticleEmitter.h">
      <Filter>ヘッダー ファイル\Engine\3d\particle</Filter>
    </ClInclude>
    <ClInclude Include="GameProgram\GameActor\Actor\ActorState.h">
      <Filter>ヘッダー ファイル\GameProgram\GameActor\Actor</Filter>
    </ClInclude>
    <ClInclude Include="GameProgram\GameActor\Actor\GameActor.h">
      <Filter>ヘッダー ファイル\GameProgram\GameActor\Actor</Filter>
    </ClInclude>
    <ClInclude Include="GameProgram\GameActor\Actor\GravityActor.h">
      <Filter>ヘッダー ファイル\GameProgram\GameActor\Actor</Filter>
    </ClInclude>
    <ClInclude Include="GameProgram\Scene\win_lose\ClearScene.h">
      <Filter>ヘッダー ファイル\GameProgram\Scene\win_lose</Filter>
    </ClInclude>
    <ClInclude Include="GameProgram\Scene\win_lose\GameOverScene.h">
      <Filter>ヘッダー ファイル\GameProgram\Scene\win_lose</Filter>
    </ClInclude>
    <ClInclude Include="Engine\PostEffect\creates\screen\blur\RadialBlur.h">
      <Filter>ヘッダー ファイル\Engine\PostEffect\creates\screen\blur</Filter>
    </ClInclude>
    <ClInclude Include="Engine\PostEffect\creates\screen\color\Grayscale.h">
      <Filter>ヘッダー ファイル\Engine\PostEffect\creates\screen\color</Filter>
    </ClInclude>
    <ClInclude Include="GameProgram\GameActor\Player\Weapon\Umbrella\BaseUmbrella.h">
      <Filter>ヘッダー ファイル\GameProgram\GameActor\Player\Weapon\Umbrella</Filter>
    </ClInclude>
    <ClInclude Include="GameProgram\GameActor\Player\Weapon\Umbrella\FoldingUmbrella.h">
      <Filter>ヘッダー ファイル\GameProgram\GameActor\Player\Weapon\Umbrella</Filter>
    </ClInclude>
    <ClInclude Include="GameProgram\GameActor\Player\Weapon\Umbrella\Umbrella.h">
      <Filter>ヘッダー ファイル\GameProgram\GameActor\Player\Weapon\Umbrella</Filter>
    </ClInclude>
    <ClInclude Include="GameProgram\GameActor\Player\Weapon\Umbrella\LongUmbrella.h">
      <Filter>ヘッダー ファイル</Filter>
    </ClInclude>
  </ItemGroup>
  <ItemGroup>
    <None Include="resource\shaders\Particle.hlsli">
      <Filter>リソース ファイル</Filter>
    </None>
    <None Include="resource\shaders\Object3d.hlsli">
      <Filter>リソース ファイル</Filter>
    </None>
    <None Include="resource\shaders\Sprite.hlsli">
      <Filter>リソース ファイル</Filter>
    </None>
    <None Include="resource\shaders\Fullscreen.hlsli">
      <Filter>リソース ファイル</Filter>
    </None>
    <None Include="resource\shaders\Skybox.hlsli">
      <Filter>リソース ファイル</Filter>
    </None>
  </ItemGroup>
  <ItemGroup>
    <FxCompile Include="resource\shaders\Particle.PS.hlsl">
      <Filter>リソース ファイル</Filter>
    </FxCompile>
    <FxCompile Include="resource\shaders\Particle.VS.hlsl">
      <Filter>リソース ファイル</Filter>
    </FxCompile>
    <FxCompile Include="resource\shaders\Object3d.VS.hlsl">
      <Filter>リソース ファイル</Filter>
    </FxCompile>
    <FxCompile Include="resource\shaders\Sprite.PS.hlsl">
      <Filter>リソース ファイル</Filter>
    </FxCompile>
    <FxCompile Include="resource\shaders\Sprite.VS.hlsl">
      <Filter>リソース ファイル</Filter>
    </FxCompile>
    <FxCompile Include="resource\shaders\Object3d.PS.hlsl">
      <Filter>リソース ファイル</Filter>
    </FxCompile>
    <FxCompile Include="resource\shaders\CopyImage.PS.hlsl">
      <Filter>リソース ファイル</Filter>
    </FxCompile>
    <FxCompile Include="resource\shaders\Fullscreen.VS.hlsl">
      <Filter>リソース ファイル</Filter>
    </FxCompile>
    <FxCompile Include="resource\shaders\Grayscale.PS.hlsl">
      <Filter>リソース ファイル</Filter>
    </FxCompile>
    <FxCompile Include="resource\shaders\Vignette.PS.hlsl">
      <Filter>リソース ファイル</Filter>
    </FxCompile>
    <FxCompile Include="resource\shaders\BoxFilter.PS.hlsl">
      <Filter>リソース ファイル</Filter>
    </FxCompile>
    <FxCompile Include="resource\shaders\GaussianFilter.PS.hlsl">
      <Filter>リソース ファイル</Filter>
    </FxCompile>
    <FxCompile Include="resource\shaders\LuminanceBasedOutline.PS.hlsl">
      <Filter>リソース ファイル</Filter>
    </FxCompile>
    <FxCompile Include="resource\shaders\DepthBasedOutline.PS.hlsl">
      <Filter>リソース ファイル</Filter>
    </FxCompile>
    <FxCompile Include="resource\shaders\RadialBlur.PS.hlsl">
      <Filter>リソース ファイル</Filter>
    </FxCompile>
    <FxCompile Include="resource\shaders\Dissolve.PS.hlsl">
      <Filter>リソース ファイル</Filter>
    </FxCompile>
    <FxCompile Include="resource\shaders\Random.PS.hlsl">
      <Filter>リソース ファイル</Filter>
    </FxCompile>
    <FxCompile Include="resource\shaders\Object3d_glTF.PS.hlsl">
      <Filter>リソース ファイル</Filter>
    </FxCompile>
    <FxCompile Include="resource\shaders\SkinningObject3d.VS.hlsl">
      <Filter>リソース ファイル</Filter>
    </FxCompile>
    <FxCompile Include="resource\shaders\Skybox.PS.hlsl">
      <Filter>リソース ファイル</Filter>
    </FxCompile>
    <FxCompile Include="resource\shaders\Skybox.VS.hlsl">
      <Filter>リソース ファイル</Filter>
    </FxCompile>
    <FxCompile Include="resource\shaders\Wireframe.PS.hlsl">
      <Filter>リソース ファイル</Filter>
    </FxCompile>
  </ItemGroup>
</Project>