<?xml version="1.0" encoding="utf-8"?>
<Project ToolsVersion="4.0" xmlns="http://schemas.microsoft.com/developer/msbuild/2003">
  <ItemGroup>
    <Filter Include="ソース ファイル">
      <UniqueIdentifier>{4FC737F1-C7A5-4376-A066-2A32D752A2FF}</UniqueIdentifier>
      <Extensions>cpp;c;cc;cxx;c++;cppm;ixx;def;odl;idl;hpj;bat;asm;asmx</Extensions>
    </Filter>
    <Filter Include="ヘッダー ファイル">
      <UniqueIdentifier>{93995380-89BD-4b04-88EB-625FBE52EBFB}</UniqueIdentifier>
      <Extensions>h;hh;hpp;hxx;h++;hm;inl;inc;ipp;xsd</Extensions>
    </Filter>
    <Filter Include="リソース ファイル">
      <UniqueIdentifier>{67DA6AB6-F800-4c08-8B7A-83BB121AAD01}</UniqueIdentifier>
      <Extensions>rc;ico;cur;bmp;dlg;rc2;rct;bin;rgs;gif;jpg;jpeg;jpe;resx;tiff;tif;png;wav;mfcribbon-ms</Extensions>
    </Filter>
    <Filter Include="ソース ファイル\Engine">
      <UniqueIdentifier>{193ab31c-5a16-4f54-8224-7c6d6b0a57d1}</UniqueIdentifier>
    </Filter>
    <Filter Include="ソース ファイル\Engine\3d">
      <UniqueIdentifier>{180c8c76-a122-465c-91ed-1a680a934e3e}</UniqueIdentifier>
    </Filter>
    <Filter Include="ソース ファイル\Engine\base">
      <UniqueIdentifier>{9b559435-8421-48c2-b59c-4897517ff2fe}</UniqueIdentifier>
    </Filter>
    <Filter Include="ソース ファイル\Engine\input">
      <UniqueIdentifier>{6619066a-b2c8-40a7-9acd-fc8e446b4ebe}</UniqueIdentifier>
    </Filter>
    <Filter Include="ソース ファイル\Engine\math">
      <UniqueIdentifier>{5080c25b-1a97-4ac3-bbc4-937a3146f8b7}</UniqueIdentifier>
    </Filter>
    <Filter Include="ソース ファイル\Engine\audio">
      <UniqueIdentifier>{7e494eda-49a5-4e26-aa68-09331557a0e6}</UniqueIdentifier>
    </Filter>
    <Filter Include="ソース ファイル\Engine\scene">
      <UniqueIdentifier>{73845869-d02a-4959-b656-d88b792ecf40}</UniqueIdentifier>
    </Filter>
    <Filter Include="ソース ファイル\Engine\2d">
      <UniqueIdentifier>{60c51db4-57e8-4c52-a251-89af31add87e}</UniqueIdentifier>
    </Filter>
    <Filter Include="ソース ファイル\Engine\PostEffect">
      <UniqueIdentifier>{8892f8f3-b441-41f9-bb94-79b6b5f258be}</UniqueIdentifier>
    </Filter>
    <Filter Include="ソース ファイル\GameProgram">
      <UniqueIdentifier>{3cede06d-47e6-4f4c-9759-d4b88a455e9d}</UniqueIdentifier>
    </Filter>
    <Filter Include="ソース ファイル\Engine\3d\_gltf">
      <UniqueIdentifier>{7dd7b758-fb2b-43e2-a84e-6193a2dcc8ef}</UniqueIdentifier>
    </Filter>
    <Filter Include="ソース ファイル\Engine\3d\_obj">
      <UniqueIdentifier>{727cc592-5d53-493e-97fb-4a6a734d0d69}</UniqueIdentifier>
    </Filter>
    <Filter Include="ソース ファイル\Engine\3d\_Particle">
      <UniqueIdentifier>{d8d85738-7095-4115-93c0-678e0261052d}</UniqueIdentifier>
    </Filter>
    <Filter Include="ソース ファイル\Engine\3d\Primitive">
      <UniqueIdentifier>{fe0ca8ca-e9ff-405f-a10f-d7bf3d7f1fdd}</UniqueIdentifier>
    </Filter>
    <Filter Include="ソース ファイル\GameProgram\Enemies">
      <UniqueIdentifier>{7e338690-e00c-4118-9659-23b6267dfd90}</UniqueIdentifier>
    </Filter>
    <Filter Include="ソース ファイル\GameProgram\Player">
      <UniqueIdentifier>{7eb339fe-1b8a-46e2-9eb2-77c1a78494da}</UniqueIdentifier>
    </Filter>
    <Filter Include="ソース ファイル\GameProgram\Scene">
      <UniqueIdentifier>{c5623b3f-5406-4d21-a960-cfc3601e4865}</UniqueIdentifier>
    </Filter>
    <Filter Include="ヘッダー ファイル\Engine">
      <UniqueIdentifier>{8f6a37c6-d258-427e-8843-a5b65e3f6151}</UniqueIdentifier>
    </Filter>
    <Filter Include="ヘッダー ファイル\GameProgram">
      <UniqueIdentifier>{ff349547-5415-464d-9b2b-17151b910647}</UniqueIdentifier>
    </Filter>
    <Filter Include="ヘッダー ファイル\Engine\2d">
      <UniqueIdentifier>{7ba4e040-a72c-4d76-a8b4-971f5f6f9e91}</UniqueIdentifier>
    </Filter>
    <Filter Include="ヘッダー ファイル\Engine\3d">
      <UniqueIdentifier>{921f200b-0dcd-400c-9de1-3a483215e66c}</UniqueIdentifier>
    </Filter>
    <Filter Include="ヘッダー ファイル\Engine\audio">
      <UniqueIdentifier>{c0934fa5-68ed-49e8-8475-231779098d38}</UniqueIdentifier>
    </Filter>
    <Filter Include="ヘッダー ファイル\Engine\base">
      <UniqueIdentifier>{974305ac-d2ed-45e0-956a-932d73b7753b}</UniqueIdentifier>
    </Filter>
    <Filter Include="ヘッダー ファイル\Engine\input">
      <UniqueIdentifier>{a0a34153-2c7c-442c-9c96-11f8ef165712}</UniqueIdentifier>
    </Filter>
    <Filter Include="ヘッダー ファイル\Engine\math">
      <UniqueIdentifier>{2d0b94d6-ef70-4b08-a138-478a45c0f08e}</UniqueIdentifier>
    </Filter>
    <Filter Include="ヘッダー ファイル\Engine\PostEffect">
      <UniqueIdentifier>{ad0a51d1-26d1-4779-ad87-6059fa1492fb}</UniqueIdentifier>
    </Filter>
    <Filter Include="ヘッダー ファイル\Engine\scene">
      <UniqueIdentifier>{24979a12-7694-4908-b042-3d33498da402}</UniqueIdentifier>
    </Filter>
    <Filter Include="ヘッダー ファイル\Engine\3d\_gltf">
      <UniqueIdentifier>{3bc82e47-6192-4cd4-9855-eb010ef464a3}</UniqueIdentifier>
    </Filter>
    <Filter Include="ヘッダー ファイル\Engine\3d\_obj">
      <UniqueIdentifier>{4e2d655d-444c-400b-902d-2f9f83379b17}</UniqueIdentifier>
    </Filter>
    <Filter Include="ヘッダー ファイル\Engine\3d\_Particle">
      <UniqueIdentifier>{bdc4f52e-376b-4e2d-bc16-ef27416c49f0}</UniqueIdentifier>
    </Filter>
    <Filter Include="ヘッダー ファイル\Engine\3d\Primitive">
      <UniqueIdentifier>{2b29ddec-d7f2-46fc-a887-7c963af58bac}</UniqueIdentifier>
    </Filter>
    <Filter Include="ヘッダー ファイル\GameProgram\Enemies">
      <UniqueIdentifier>{e9507568-3eb6-4560-bccc-bf7c120300a3}</UniqueIdentifier>
    </Filter>
    <Filter Include="ヘッダー ファイル\GameProgram\Player">
      <UniqueIdentifier>{53cdf185-41ea-4488-b3a6-a6812d9cabc0}</UniqueIdentifier>
    </Filter>
    <Filter Include="ヘッダー ファイル\GameProgram\Scene">
      <UniqueIdentifier>{0145c40c-f6f8-4011-ba37-56e69a4de176}</UniqueIdentifier>
    </Filter>
    <Filter Include="ソース ファイル\GameProgram\StageObjects">
      <UniqueIdentifier>{e7200600-3803-4831-a1a7-5b8eee728d58}</UniqueIdentifier>
    </Filter>
    <Filter Include="ヘッダー ファイル\GameProgram\StageObjects">
      <UniqueIdentifier>{c25c6d45-4ba0-4c58-be4c-e176ebdd0451}</UniqueIdentifier>
    </Filter>
    <Filter Include="ソース ファイル\Engine\LevelEditor">
      <UniqueIdentifier>{9d3be0b2-740f-4b21-b1be-24756f276d2e}</UniqueIdentifier>
    </Filter>
    <Filter Include="ヘッダー ファイル\Engine\LevelEditor">
      <UniqueIdentifier>{b7fd112d-0d92-4f45-ab24-794ea91e597f}</UniqueIdentifier>
    </Filter>
  </ItemGroup>
  <ItemGroup>
    <ClCompile Include="Engine\2d\Sprite.cpp">
      <Filter>ソース ファイル\Engine\2d</Filter>
    </ClCompile>
    <ClCompile Include="Engine\2d\SpriteCommon.cpp">
      <Filter>ソース ファイル\Engine\2d</Filter>
    </ClCompile>
    <ClCompile Include="Engine\3d\ModelCommon.cpp">
      <Filter>ソース ファイル\Engine\3d</Filter>
    </ClCompile>
    <ClCompile Include="Engine\3d\ModelManager.cpp">
      <Filter>ソース ファイル\Engine\3d</Filter>
    </ClCompile>
    <ClCompile Include="Engine\2d\TextureManager.cpp">
      <Filter>ソース ファイル\Engine\2d</Filter>
    </ClCompile>
    <ClCompile Include="Engine\base\DirectXCommon.cpp">
      <Filter>ソース ファイル\Engine\base</Filter>
    </ClCompile>
    <ClCompile Include="Engine\base\Logger.cpp">
      <Filter>ソース ファイル\Engine\base</Filter>
    </ClCompile>
    <ClCompile Include="Engine\base\StringUtility.cpp">
      <Filter>ソース ファイル\Engine\base</Filter>
    </ClCompile>
    <ClCompile Include="Engine\base\WinApp.cpp">
      <Filter>ソース ファイル\Engine\base</Filter>
    </ClCompile>
    <ClCompile Include="Engine\base\D3DResorceLeakChecker.cpp">
      <Filter>ソース ファイル\Engine\base</Filter>
    </ClCompile>
    <ClCompile Include="Engine\input\Input.cpp">
      <Filter>ソース ファイル\Engine\input</Filter>
    </ClCompile>
    <ClCompile Include="Engine\math\MyMath.cpp">
      <Filter>ソース ファイル\Engine\math</Filter>
    </ClCompile>
    <ClCompile Include="Engine\3d\Camera.cpp">
      <Filter>ソース ファイル\Engine\3d</Filter>
    </ClCompile>
    <ClCompile Include="Engine\base\SrvManager.cpp">
      <Filter>ソース ファイル\Engine\base</Filter>
    </ClCompile>
    <ClCompile Include="Engine\2d\ImGuiManager.cpp">
      <Filter>ソース ファイル\Engine\2d</Filter>
    </ClCompile>
    <ClCompile Include="Engine\audio\Audio.cpp">
      <Filter>ソース ファイル\Engine\audio</Filter>
    </ClCompile>
    <ClCompile Include="Engine\scene\GameManager.cpp">
      <Filter>ソース ファイル\Engine\scene</Filter>
    </ClCompile>
    <ClCompile Include="Engine\scene\IScene.cpp">
      <Filter>ソース ファイル\Engine\scene</Filter>
    </ClCompile>
    <ClCompile Include="Engine\3d\WorldTransform.cpp">
      <Filter>ソース ファイル\Engine\3d</Filter>
    </ClCompile>
    <ClCompile Include="Engine\main.cpp">
      <Filter>ソース ファイル\Engine</Filter>
    </ClCompile>
    <ClCompile Include="Engine\PostEffect\IPostEffects.cpp">
      <Filter>ソース ファイル\Engine\PostEffect</Filter>
    </ClCompile>
    <ClCompile Include="Engine\PostEffect\RadialBlur.cpp">
      <Filter>ソース ファイル\Engine\PostEffect</Filter>
    </ClCompile>
    <ClCompile Include="Engine\PostEffect\PostEffectManager.cpp">
      <Filter>ソース ファイル\Engine\PostEffect</Filter>
    </ClCompile>
    <ClCompile Include="Engine\PostEffect\Vignette.cpp">
      <Filter>ソース ファイル\Engine\PostEffect</Filter>
    </ClCompile>
    <ClCompile Include="Engine\PostEffect\BoxFilter.cpp">
      <Filter>ソース ファイル\Engine\PostEffect</Filter>
    </ClCompile>
    <ClCompile Include="Engine\PostEffect\GaussianFilter.cpp">
      <Filter>ソース ファイル\Engine\PostEffect</Filter>
    </ClCompile>
    <ClCompile Include="Engine\PostEffect\LuminanceBasedOutline.cpp">
      <Filter>ソース ファイル\Engine\PostEffect</Filter>
    </ClCompile>
    <ClCompile Include="Engine\PostEffect\Grayscale.cpp">
      <Filter>ソース ファイル\Engine\PostEffect</Filter>
    </ClCompile>
    <ClCompile Include="Engine\PostEffect\Normal_Image.cpp">
      <Filter>ソース ファイル\Engine\PostEffect</Filter>
    </ClCompile>
    <ClCompile Include="Engine\PostEffect\DepthBasedOutline.cpp">
      <Filter>ソース ファイル\Engine\PostEffect</Filter>
    </ClCompile>
    <ClCompile Include="Engine\PostEffect\Dissolve.cpp">
      <Filter>ソース ファイル\Engine\PostEffect</Filter>
    </ClCompile>
    <ClCompile Include="Engine\PostEffect\Random.cpp">
      <Filter>ソース ファイル\Engine\PostEffect</Filter>
    </ClCompile>
    <ClCompile Include="Engine\3d\_gltf\GLTFCommon.cpp">
      <Filter>ソース ファイル\Engine\3d\_gltf</Filter>
    </ClCompile>
    <ClCompile Include="Engine\3d\_gltf\Model__glTF.cpp">
      <Filter>ソース ファイル\Engine\3d\_gltf</Filter>
    </ClCompile>
    <ClCompile Include="Engine\3d\_gltf\Object_glTF.cpp">
      <Filter>ソース ファイル\Engine\3d\_gltf</Filter>
    </ClCompile>
    <ClCompile Include="Engine\3d\_obj\Model_obj.cpp">
      <Filter>ソース ファイル\Engine\3d\_obj</Filter>
    </ClCompile>
    <ClCompile Include="Engine\3d\_obj\Object3d.cpp">
      <Filter>ソース ファイル\Engine\3d\_obj</Filter>
    </ClCompile>
    <ClCompile Include="Engine\3d\_obj\Object3dCommon.cpp">
      <Filter>ソース ファイル\Engine\3d\_obj</Filter>
    </ClCompile>
    <ClCompile Include="Engine\3d\_Particle\Particle.cpp">
      <Filter>ソース ファイル\Engine\3d\_Particle</Filter>
    </ClCompile>
    <ClCompile Include="Engine\3d\_Particle\ParticleCommon.cpp">
      <Filter>ソース ファイル\Engine\3d\_Particle</Filter>
    </ClCompile>
    <ClCompile Include="Engine\3d\_Particle\ParticleEmitter.cpp">
      <Filter>ソース ファイル\Engine\3d\_Particle</Filter>
    </ClCompile>
    <ClCompile Include="Engine\3d\_Particle\ParticleManager.cpp">
      <Filter>ソース ファイル\Engine\3d\_Particle</Filter>
    </ClCompile>
    <ClCompile Include="Engine\3d\Primitive\BoxModel.cpp">
      <Filter>ソース ファイル\Engine\3d\Primitive</Filter>
    </ClCompile>
    <ClCompile Include="Engine\3d\Primitive\SphereModel.cpp">
      <Filter>ソース ファイル\Engine\3d\Primitive</Filter>
    </ClCompile>
    <ClCompile Include="Engine\3d\Cubemap.cpp">
      <Filter>ソース ファイル\Engine\3d</Filter>
    </ClCompile>
    <ClCompile Include="Engine\3d\DebugWireframes.cpp">
      <Filter>ソース ファイル\Engine\3d</Filter>
    </ClCompile>
    <ClCompile Include="GameProgram\Enemies\Enemy_Soldier.cpp">
      <Filter>ソース ファイル\GameProgram\Enemies</Filter>
    </ClCompile>
    <ClCompile Include="GameProgram\Enemies\Enemy_Turret.cpp">
      <Filter>ソース ファイル\GameProgram\Enemies</Filter>
    </ClCompile>
    <ClCompile Include="GameProgram\Enemies\EnemyBullet.cpp">
      <Filter>ソース ファイル\GameProgram\Enemies</Filter>
    </ClCompile>
    <ClCompile Include="GameProgram\Enemies\IEnemy.cpp">
      <Filter>ソース ファイル\GameProgram\Enemies</Filter>
    </ClCompile>
    <ClCompile Include="GameProgram\Player\Player.cpp">
      <Filter>ソース ファイル\GameProgram\Player</Filter>
    </ClCompile>
    <ClCompile Include="GameProgram\Player\PlayerBullet.cpp">
      <Filter>ソース ファイル\GameProgram\Player</Filter>
    </ClCompile>
    <ClCompile Include="GameProgram\Player\Umbrella.cpp">
      <Filter>ソース ファイル\GameProgram\Player</Filter>
    </ClCompile>
    <ClCompile Include="Engine\3d\Primitive\Primitive.cpp">
      <Filter>ソース ファイル\Engine\3d\Primitive</Filter>
    </ClCompile>
    <ClCompile Include="GameProgram\StageObjects\CheckPoint.cpp">
      <Filter>ソース ファイル\GameProgram\StageObjects</Filter>
    </ClCompile>
    <ClCompile Include="GameProgram\StageObjects\WarpGate.cpp">
      <Filter>ソース ファイル\GameProgram\StageObjects</Filter>
    </ClCompile>
    <ClCompile Include="GameProgram\Enemies\Enemy_Bomb.cpp">
      <Filter>ソース ファイル\GameProgram\Enemies</Filter>
    </ClCompile>
    <ClCompile Include="GameProgram\Scene\ClearScene.cpp">
      <Filter>ソース ファイル\GameProgram\Scene</Filter>
    </ClCompile>
    <ClCompile Include="GameProgram\Scene\GameOverScene.cpp">
      <Filter>ソース ファイル\GameProgram\Scene</Filter>
    </ClCompile>
    <ClCompile Include="GameProgram\Scene\SelectScene.cpp">
      <Filter>ソース ファイル\GameProgram\Scene</Filter>
    </ClCompile>
    <ClCompile Include="GameProgram\LoadingModels.cpp">
      <Filter>ソース ファイル\GameProgram</Filter>
    </ClCompile>
    <ClCompile Include="GameProgram\Shadow.cpp">
      <Filter>ソース ファイル\GameProgram</Filter>
    </ClCompile>
    <ClCompile Include="GameProgram\StageObjects\Goal.cpp">
      <Filter>ソース ファイル\GameProgram\StageObjects</Filter>
    </ClCompile>
    <ClCompile Include="Engine\3d\_gltf\SkinningCommon.cpp">
      <Filter>ソース ファイル\Engine\3d\_gltf</Filter>
    </ClCompile>
    <ClCompile Include="GameProgram\StageObjects\IStageObject.cpp">
      <Filter>ソース ファイル\GameProgram\StageObjects</Filter>
    </ClCompile>
    <ClCompile Include="Engine\base\MyGame.cpp">
      <Filter>ソース ファイル\Engine\base</Filter>
    </ClCompile>
    <ClCompile Include="Engine\base\Framework.cpp">
      <Filter>ソース ファイル\Engine\base</Filter>
    </ClCompile>
    <ClCompile Include="GameProgram\Scene\TitleScene.cpp">
      <Filter>ソース ファイル\GameProgram\Scene</Filter>
    </ClCompile>
    <ClCompile Include="GameProgram\Scene\GameScene.cpp">
      <Filter>ソース ファイル\GameProgram\Scene</Filter>
    </ClCompile>
    <ClCompile Include="Engine\LevelEditor\Levelediter.cpp">
      <Filter>ソース ファイル\Engine\LevelEditor</Filter>
    </ClCompile>
    <ClCompile Include="GameProgram\FadeScreen.cpp">
      <Filter>ソース ファイル\GameProgram</Filter>
    </ClCompile>
  </ItemGroup>
  <ItemGroup>
    <ClInclude Include="Engine\2d\Sprite.h">
      <Filter>ヘッダー ファイル\Engine\2d</Filter>
    </ClInclude>
    <ClInclude Include="Engine\2d\ImGuiManager.h">
      <Filter>ヘッダー ファイル\Engine\2d</Filter>
    </ClInclude>
    <ClInclude Include="Engine\2d\SpriteCommon.h">
      <Filter>ヘッダー ファイル\Engine\2d</Filter>
    </ClInclude>
    <ClInclude Include="Engine\2d\TextureManager.h">
      <Filter>ヘッダー ファイル\Engine\2d</Filter>
    </ClInclude>
    <ClInclude Include="Engine\3d\Camera.h">
      <Filter>ヘッダー ファイル\Engine\3d</Filter>
    </ClInclude>
    <ClInclude Include="Engine\3d\Cubemap.h">
      <Filter>ヘッダー ファイル\Engine\3d</Filter>
    </ClInclude>
    <ClInclude Include="Engine\3d\DebugWireframes.h">
      <Filter>ヘッダー ファイル\Engine\3d</Filter>
    </ClInclude>
    <ClInclude Include="Engine\3d\ModelCommon.h">
      <Filter>ヘッダー ファイル\Engine\3d</Filter>
    </ClInclude>
    <ClInclude Include="Engine\3d\ModelManager.h">
      <Filter>ヘッダー ファイル\Engine\3d</Filter>
    </ClInclude>
    <ClInclude Include="Engine\3d\WorldTransform.h">
      <Filter>ヘッダー ファイル\Engine\3d</Filter>
    </ClInclude>
    <ClInclude Include="Engine\3d\_gltf\GLTFCommon.h">
      <Filter>ヘッダー ファイル\Engine\3d\_gltf</Filter>
    </ClInclude>
    <ClInclude Include="Engine\3d\_gltf\Model_glTF.h">
      <Filter>ヘッダー ファイル\Engine\3d\_gltf</Filter>
    </ClInclude>
    <ClInclude Include="Engine\3d\_gltf\Object_glTF.h">
      <Filter>ヘッダー ファイル\Engine\3d\_gltf</Filter>
    </ClInclude>
    <ClInclude Include="Engine\3d\_gltf\SkinningCommon.h">
      <Filter>ヘッダー ファイル\Engine\3d\_gltf</Filter>
    </ClInclude>
    <ClInclude Include="Engine\3d\_obj\Model_obj.h">
      <Filter>ヘッダー ファイル\Engine\3d\_obj</Filter>
    </ClInclude>
    <ClInclude Include="Engine\3d\_obj\Object3d.h">
      <Filter>ヘッダー ファイル\Engine\3d\_obj</Filter>
    </ClInclude>
    <ClInclude Include="Engine\3d\_obj\Object3dCommon.h">
      <Filter>ヘッダー ファイル\Engine\3d\_obj</Filter>
    </ClInclude>
    <ClInclude Include="Engine\3d\_Particle\Particle.h">
      <Filter>ヘッダー ファイル\Engine\3d\_Particle</Filter>
    </ClInclude>
    <ClInclude Include="Engine\3d\_Particle\ParticleCommon.h">
      <Filter>ヘッダー ファイル\Engine\3d\_Particle</Filter>
    </ClInclude>
    <ClInclude Include="Engine\3d\_Particle\ParticleEmitter.h">
      <Filter>ヘッダー ファイル\Engine\3d\_Particle</Filter>
    </ClInclude>
    <ClInclude Include="Engine\3d\_Particle\ParticleManager.h">
      <Filter>ヘッダー ファイル\Engine\3d\_Particle</Filter>
    </ClInclude>
    <ClInclude Include="Engine\3d\_Particle\ParticleNumber.h">
      <Filter>ヘッダー ファイル\Engine\3d\_Particle</Filter>
    </ClInclude>
    <ClInclude Include="Engine\3d\Primitive\BoxModel.h">
      <Filter>ヘッダー ファイル\Engine\3d\Primitive</Filter>
    </ClInclude>
    <ClInclude Include="Engine\3d\Primitive\Primitive.h">
      <Filter>ヘッダー ファイル\Engine\3d\Primitive</Filter>
    </ClInclude>
    <ClInclude Include="Engine\3d\Primitive\SphereModel.h">
      <Filter>ヘッダー ファイル\Engine\3d\Primitive</Filter>
    </ClInclude>
    <ClInclude Include="Engine\audio\Audio.h">
      <Filter>ヘッダー ファイル\Engine\audio</Filter>
    </ClInclude>
    <ClInclude Include="Engine\base\D3DResorceLeakChecker.h">
      <Filter>ヘッダー ファイル\Engine\base</Filter>
    </ClInclude>
    <ClInclude Include="Engine\base\DirectXCommon.h">
      <Filter>ヘッダー ファイル\Engine\base</Filter>
    </ClInclude>
    <ClInclude Include="Engine\base\Logger.h">
      <Filter>ヘッダー ファイル\Engine\base</Filter>
    </ClInclude>
    <ClInclude Include="Engine\base\SrvManager.h">
      <Filter>ヘッダー ファイル\Engine\base</Filter>
    </ClInclude>
    <ClInclude Include="Engine\base\StringUtility.h">
      <Filter>ヘッダー ファイル\Engine\base</Filter>
    </ClInclude>
    <ClInclude Include="Engine\base\WinApp.h">
      <Filter>ヘッダー ファイル\Engine\base</Filter>
    </ClInclude>
    <ClInclude Include="Engine\input\Input.h">
      <Filter>ヘッダー ファイル\Engine\input</Filter>
    </ClInclude>
    <ClInclude Include="Engine\math\Matrix4x4.h">
      <Filter>ヘッダー ファイル\Engine\math</Filter>
    </ClInclude>
    <ClInclude Include="Engine\math\MyMath.h">
      <Filter>ヘッダー ファイル\Engine\math</Filter>
    </ClInclude>
    <ClInclude Include="Engine\math\Transform.h">
      <Filter>ヘッダー ファイル\Engine\math</Filter>
    </ClInclude>
    <ClInclude Include="Engine\math\Vector2.h">
      <Filter>ヘッダー ファイル\Engine\math</Filter>
    </ClInclude>
    <ClInclude Include="Engine\math\Vector3.h">
      <Filter>ヘッダー ファイル\Engine\math</Filter>
    </ClInclude>
    <ClInclude Include="Engine\math\Vector4.h">
      <Filter>ヘッダー ファイル\Engine\math</Filter>
    </ClInclude>
    <ClInclude Include="Engine\PostEffect\BoxFilter.h">
      <Filter>ヘッダー ファイル\Engine\PostEffect</Filter>
    </ClInclude>
    <ClInclude Include="Engine\PostEffect\DepthBasedOutline.h">
      <Filter>ヘッダー ファイル\Engine\PostEffect</Filter>
    </ClInclude>
    <ClInclude Include="Engine\PostEffect\Dissolve.h">
      <Filter>ヘッダー ファイル\Engine\PostEffect</Filter>
    </ClInclude>
    <ClInclude Include="Engine\PostEffect\GaussianFilter.h">
      <Filter>ヘッダー ファイル\Engine\PostEffect</Filter>
    </ClInclude>
    <ClInclude Include="Engine\PostEffect\Grayscale.h">
      <Filter>ヘッダー ファイル\Engine\PostEffect</Filter>
    </ClInclude>
    <ClInclude Include="Engine\PostEffect\IPostEffects.h">
      <Filter>ヘッダー ファイル\Engine\PostEffect</Filter>
    </ClInclude>
    <ClInclude Include="Engine\PostEffect\LuminanceBasedOutline.h">
      <Filter>ヘッダー ファイル\Engine\PostEffect</Filter>
    </ClInclude>
    <ClInclude Include="Engine\PostEffect\Normal_Image.h">
      <Filter>ヘッダー ファイル\Engine\PostEffect</Filter>
    </ClInclude>
    <ClInclude Include="Engine\PostEffect\PostEffectManager.h">
      <Filter>ヘッダー ファイル\Engine\PostEffect</Filter>
    </ClInclude>
    <ClInclude Include="Engine\PostEffect\RadialBlur.h">
      <Filter>ヘッダー ファイル\Engine\PostEffect</Filter>
    </ClInclude>
    <ClInclude Include="Engine\PostEffect\Random.h">
      <Filter>ヘッダー ファイル\Engine\PostEffect</Filter>
    </ClInclude>
    <ClInclude Include="Engine\PostEffect\Vignette.h">
      <Filter>ヘッダー ファイル\Engine\PostEffect</Filter>
    </ClInclude>
    <ClInclude Include="Engine\scene\GameManager.h">
      <Filter>ヘッダー ファイル\Engine\scene</Filter>
    </ClInclude>
    <ClInclude Include="Engine\scene\IScene.h">
      <Filter>ヘッダー ファイル\Engine\scene</Filter>
    </ClInclude>
    <ClInclude Include="GameProgram\Enemies\Enemy_Soldier.h">
      <Filter>ヘッダー ファイル\GameProgram\Enemies</Filter>
    </ClInclude>
    <ClInclude Include="GameProgram\Enemies\Enemy_Bomb.h">
      <Filter>ヘッダー ファイル\GameProgram\Enemies</Filter>
    </ClInclude>
    <ClInclude Include="GameProgram\Enemies\Enemy_Turret.h">
      <Filter>ヘッダー ファイル\GameProgram\Enemies</Filter>
    </ClInclude>
    <ClInclude Include="GameProgram\Enemies\EnemyBullet.h">
      <Filter>ヘッダー ファイル\GameProgram\Enemies</Filter>
    </ClInclude>
    <ClInclude Include="GameProgram\Enemies\IEnemy.h">
      <Filter>ヘッダー ファイル\GameProgram\Enemies</Filter>
    </ClInclude>
    <ClInclude Include="GameProgram\Player\Player.h">
      <Filter>ヘッダー ファイル\GameProgram\Player</Filter>
    </ClInclude>
    <ClInclude Include="GameProgram\Player\PlayerBullet.h">
      <Filter>ヘッダー ファイル\GameProgram\Player</Filter>
    </ClInclude>
    <ClInclude Include="GameProgram\Player\Umbrella.h">
      <Filter>ヘッダー ファイル\GameProgram\Player</Filter>
    </ClInclude>
    <ClInclude Include="GameProgram\Scene\ClearScene.h">
      <Filter>ヘッダー ファイル\GameProgram\Scene</Filter>
    </ClInclude>
    <ClInclude Include="GameProgram\Scene\GameOverScene.h">
      <Filter>ヘッダー ファイル\GameProgram\Scene</Filter>
    </ClInclude>
    <ClInclude Include="GameProgram\Scene\SelectScene.h">
      <Filter>ヘッダー ファイル\GameProgram\Scene</Filter>
    </ClInclude>
    <ClInclude Include="GameProgram\StageObjects\CheckPoint.h">
      <Filter>ヘッダー ファイル\GameProgram\StageObjects</Filter>
    </ClInclude>
    <ClInclude Include="GameProgram\StageObjects\Goal.h">
      <Filter>ヘッダー ファイル\GameProgram\StageObjects</Filter>
    </ClInclude>
    <ClInclude Include="GameProgram\StageObjects\IStageObject.h">
      <Filter>ヘッダー ファイル\GameProgram\StageObjects</Filter>
    </ClInclude>
    <ClInclude Include="GameProgram\StageObjects\WarpGate.h">
      <Filter>ヘッダー ファイル\GameProgram\StageObjects</Filter>
    </ClInclude>
    <ClInclude Include="GameProgram\Shadow.h">
      <Filter>ヘッダー ファイル\GameProgram</Filter>
    </ClInclude>
    <ClInclude Include="GameProgram\LoadingModels.h">
      <Filter>ヘッダー ファイル\GameProgram</Filter>
    </ClInclude>
    <ClInclude Include="Engine\base\MyGame.h">
      <Filter>ヘッダー ファイル\Engine\base</Filter>
    </ClInclude>
    <ClInclude Include="Engine\base\Framework.h">
      <Filter>ヘッダー ファイル\Engine\base</Filter>
    </ClInclude>
    <ClInclude Include="GameProgram\Scene\TitleScene.h">
      <Filter>ヘッダー ファイル\GameProgram\Scene</Filter>
    </ClInclude>
    <ClInclude Include="GameProgram\Scene\GameScene.h">
      <Filter>ヘッダー ファイル\GameProgram\Scene</Filter>
    </ClInclude>
    <ClInclude Include="Engine\LevelEditor\Levelediter.h">
      <Filter>ヘッダー ファイル\Engine\LevelEditor</Filter>
    </ClInclude>
    <ClInclude Include="GameProgram\FadeScreen.h">
      <Filter>ヘッダー ファイル\GameProgram</Filter>
    </ClInclude>
  </ItemGroup>
  <ItemGroup>
    <None Include="resource\shaders\Particle.hlsli">
      <Filter>リソース ファイル</Filter>
    </None>
    <None Include="resource\shaders\Object3d.hlsli">
      <Filter>リソース ファイル</Filter>
    </None>
    <None Include="resource\shaders\Sprite.hlsli">
      <Filter>リソース ファイル</Filter>
    </None>
    <None Include="resource\shaders\Fullscreen.hlsli">
      <Filter>リソース ファイル</Filter>
    </None>
    <None Include="resource\shaders\Skybox.hlsli">
      <Filter>リソース ファイル</Filter>
    </None>
  </ItemGroup>
  <ItemGroup>
    <FxCompile Include="resource\shaders\Particle.PS.hlsl">
      <Filter>リソース ファイル</Filter>
    </FxCompile>
    <FxCompile Include="resource\shaders\Particle.VS.hlsl">
      <Filter>リソース ファイル</Filter>
    </FxCompile>
    <FxCompile Include="resource\shaders\Object3d.VS.hlsl">
      <Filter>リソース ファイル</Filter>
    </FxCompile>
    <FxCompile Include="resource\shaders\Sprite.PS.hlsl">
      <Filter>リソース ファイル</Filter>
    </FxCompile>
    <FxCompile Include="resource\shaders\Sprite.VS.hlsl">
      <Filter>リソース ファイル</Filter>
    </FxCompile>
    <FxCompile Include="resource\shaders\Object3d.PS.hlsl">
      <Filter>リソース ファイル</Filter>
    </FxCompile>
    <FxCompile Include="resource\shaders\CopyImage.PS.hlsl">
      <Filter>リソース ファイル</Filter>
    </FxCompile>
    <FxCompile Include="resource\shaders\Fullscreen.VS.hlsl">
      <Filter>リソース ファイル</Filter>
    </FxCompile>
    <FxCompile Include="resource\shaders\Grayscale.PS.hlsl">
      <Filter>リソース ファイル</Filter>
    </FxCompile>
    <FxCompile Include="resource\shaders\Vignette.PS.hlsl">
      <Filter>リソース ファイル</Filter>
    </FxCompile>
    <FxCompile Include="resource\shaders\BoxFilter.PS.hlsl">
      <Filter>リソース ファイル</Filter>
    </FxCompile>
    <FxCompile Include="resource\shaders\GaussianFilter.PS.hlsl">
      <Filter>リソース ファイル</Filter>
    </FxCompile>
    <FxCompile Include="resource\shaders\LuminanceBasedOutline.PS.hlsl">
      <Filter>リソース ファイル</Filter>
    </FxCompile>
    <FxCompile Include="resource\shaders\DepthBasedOutline.PS.hlsl">
      <Filter>リソース ファイル</Filter>
    </FxCompile>
    <FxCompile Include="resource\shaders\RadialBlur.PS.hlsl">
      <Filter>リソース ファイル</Filter>
    </FxCompile>
    <FxCompile Include="resource\shaders\Dissolve.PS.hlsl">
      <Filter>リソース ファイル</Filter>
    </FxCompile>
    <FxCompile Include="resource\shaders\Random.PS.hlsl">
      <Filter>リソース ファイル</Filter>
    </FxCompile>
    <FxCompile Include="resource\shaders\Object3d_glTF.PS.hlsl">
      <Filter>リソース ファイル</Filter>
    </FxCompile>
    <FxCompile Include="resource\shaders\SkinningObject3d.VS.hlsl">
      <Filter>リソース ファイル</Filter>
    </FxCompile>
    <FxCompile Include="resource\shaders\Skybox.PS.hlsl">
      <Filter>リソース ファイル</Filter>
    </FxCompile>
    <FxCompile Include="resource\shaders\Skybox.VS.hlsl">
      <Filter>リソース ファイル</Filter>
    </FxCompile>
    <FxCompile Include="resource\shaders\Wireframe.PS.hlsl">
      <Filter>リソース ファイル</Filter>
    </FxCompile>
  </ItemGroup>
</Project>